version = 1
revision = 3
requires-python = ">=3.13"

[[package]]
name = "future"
version = "1.0.0"
source = { registry = "https://pypi.org/simple" }
sdist = { url = "https://files.pythonhosted.org/packages/a7/b2/4140c69c6a66432916b26158687e821ba631a4c9273c474343badf84d3ba/future-1.0.0.tar.gz", hash = "sha256:bd2968309307861edae1458a4f8a4f3598c03be43b97521076aebf5d94c07b05", size = 1228490, upload-time = "2024-02-21T11:52:38.461Z" }
wheels = [
    { url = "https://files.pythonhosted.org/packages/da/71/ae30dadffc90b9006d77af76b393cb9dfbfc9629f339fc1574a1c52e6806/future-1.0.0-py3-none-any.whl", hash = "sha256:929292d34f5872e70396626ef385ec22355a1fae8ad29e1a734c3e43f9fbc216", size = 491326, upload-time = "2024-02-21T11:52:35.956Z" },
]

[[package]]
name = "iso8601"
version = "2.1.0"
source = { registry = "https://pypi.org/simple" }
sdist = { url = "https://files.pythonhosted.org/packages/b9/f3/ef59cee614d5e0accf6fd0cbba025b93b272e626ca89fb70a3e9187c5d15/iso8601-2.1.0.tar.gz", hash = "sha256:6b1d3829ee8921c4301998c909f7829fa9ed3cbdac0d3b16af2d743aed1ba8df", size = 6522, upload-time = "2023-10-03T00:25:39.317Z" }
wheels = [
    { url = "https://files.pythonhosted.org/packages/6c/0c/f37b6a241f0759b7653ffa7213889d89ad49a2b76eb2ddf3b57b2738c347/iso8601-2.1.0-py3-none-any.whl", hash = "sha256:aac4145c4dcb66ad8b648a02830f5e2ff6c24af20f4f482689be402db2429242", size = 7545, upload-time = "2023-10-03T00:25:32.304Z" },
]

[[package]]
name = "lsl-bridge"
version = "0.1.0"
source = { virtual = "." }
dependencies = [
    { name = "nuitka" },
    { name = "pylsl" },
    { name = "pyserial" },
    { name = "pyside6" },
    { name = "serial" },
]

[package.metadata]
requires-dist = [
    { name = "nuitka", specifier = ">=4.0.8" },
    { name = "pylsl", specifier = ">=1.18.1" },
    { name = "pyserial", specifier = ">=3.5" },
    { name = "pyside6", specifier = ">=6.11.0" },
    { name = "serial", specifier = ">=0.0.97" },
]

[[package]]
name = "nuitka"
version = "4.0.8"
source = { registry = "https://pypi.org/simple" }
sdist = { url = "https://files.pythonhosted.org/packages/1c/48/e54130d57b89fc015d702e98a1a217b5757625d01a01cc07d29fd046d336/nuitka-4.0.8.tar.gz", hash = "sha256:3f87e87e4d3773997944ce401145ef21461337121d39ea0fbe678274005e60ba", size = 4422692, upload-time = "2026-04-10T07:18:15.109Z" }

[[package]]
name = "numpy"
version = "2.4.4"
source = { registry = "https://pypi.org/simple" }
sdist = { url = "https://files.pythonhosted.org/packages/d7/9f/b8cef5bffa569759033adda9481211426f12f53299629b410340795c2514/numpy-2.4.4.tar.gz", hash = "sha256:2d390634c5182175533585cc89f3608a4682ccb173cc9bb940b2881c8d6f8fa0", size = 20731587, upload-time = "2026-03-29T13:22:01.298Z" }
wheels = [
    { url = "https://files.pythonhosted.org/packages/14/1d/d0a583ce4fefcc3308806a749a536c201ed6b5ad6e1322e227ee4848979d/numpy-2.4.4-cp313-cp313-macosx_10_13_x86_64.whl", hash = "sha256:08f2e31ed5e6f04b118e49821397f12767934cfdd12a1ce86a058f91e004ee50", size = 16684933, upload-time = "2026-03-29T13:19:22.47Z" },
    { url = "https://files.pythonhosted.org/packages/c1/62/2b7a48fbb745d344742c0277f01286dead15f3f68e4f359fbfcf7b48f70f/numpy-2.4.4-cp313-cp313-macosx_11_0_arm64.whl", hash = "sha256:e823b8b6edc81e747526f70f71a9c0a07ac4e7ad13020aa736bb7c9d67196115", size = 14694532, upload-time = "2026-03-29T13:19:25.581Z" },
    { url = "https://files.pythonhosted.org/packages/e5/87/499737bfba066b4a3bebff24a8f1c5b2dee410b209bc6668c9be692580f0/numpy-2.4.4-cp313-cp313-macosx_14_0_arm64.whl", hash = "sha256:4a19d9dba1a76618dd86b164d608566f393f8ec6ac7c44f0cc879011c45e65af", size = 5199661, upload-time = "2026-03-29T13:19:28.31Z" },
    { url = "https://files.pythonhosted.org/packages/cd/da/464d551604320d1491bc345efed99b4b7034143a85787aab78d5691d5a0e/numpy-2.4.4-cp313-cp313-macosx_14_0_x86_64.whl", hash = "sha256:d2a8490669bfe99a233298348acc2d824d496dee0e66e31b66a6022c2ad74a5c", size = 6547539, upload-time = "2026-03-29T13:19:30.97Z" },
    { url = "https://files.pythonhosted.org/packages/7d/90/8d23e3b0dafd024bf31bdec225b3bb5c2dbfa6912f8a53b8659f21216cbf/numpy-2.4.4-cp313-cp313-manylinux_2_27_aarch64.manylinux_2_28_aarch64.whl", hash = "sha256:45dbed2ab436a9e826e302fcdcbe9133f9b0006e5af7168afb8963a6520da103", size = 15668806, upload-time = "2026-03-29T13:19:33.887Z" },
    { url = "https://files.pythonhosted.org/packages/d1/73/a9d864e42a01896bb5974475438f16086be9ba1f0d19d0bb7a07427c4a8b/numpy-2.4.4-cp313-cp313-manylinux_2_27_x86_64.manylinux_2_28_x86_64.whl", hash = "sha256:c901b15172510173f5cb310eae652908340f8dede90fff9e3bf6c0d8dfd92f83", size = 16632682, upload-time = "2026-03-29T13:19:37.336Z" },
    { url = "https://files.pythonhosted.org/packages/34/fb/14570d65c3bde4e202a031210475ae9cde9b7686a2e7dc97ee67d2833b35/numpy-2.4.4-cp313-cp313-musllinux_1_2_aarch64.whl", hash = "sha256:99d838547ace2c4aace6c4f76e879ddfe02bb58a80c1549928477862b7a6d6ed", size = 17019810, upload-time = "2026-03-29T13:19:40.963Z" },
    { url = "https://files.pythonhosted.org/packages/8a/77/2ba9d87081fd41f6d640c83f26fb7351e536b7ce6dd9061b6af5904e8e46/numpy-2.4.4-cp313-cp313-musllinux_1_2_x86_64.whl", hash = "sha256:0aec54fd785890ecca25a6003fd9a5aed47ad607bbac5cd64f836ad8666f4959", size = 18357394, upload-time = "2026-03-29T13:19:44.859Z" },
    { url = "https://files.pythonhosted.org/packages/a2/23/52666c9a41708b0853fa3b1a12c90da38c507a3074883823126d4e9d5b30/numpy-2.4.4-cp313-cp313-win32.whl", hash = "sha256:07077278157d02f65c43b1b26a3886bce886f95d20aabd11f87932750dfb14ed", size = 5959556, upload-time = "2026-03-29T13:19:47.661Z" },
    { url = "https://files.pythonhosted.org/packages/57/fb/48649b4971cde70d817cf97a2a2fdc0b4d8308569f1dd2f2611959d2e0cf/numpy-2.4.4-cp313-cp313-win_amd64.whl", hash = "sha256:5c70f1cc1c4efbe316a572e2d8b9b9cc44e89b95f79ca3331553fbb63716e2bf", size = 12317311, upload-time = "2026-03-29T13:19:50.67Z" },
    { url = "https://files.pythonhosted.org/packages/ba/d8/11490cddd564eb4de97b4579ef6bfe6a736cc07e94c1598590ae25415e01/numpy-2.4.4-cp313-cp313-win_arm64.whl", hash = "sha256:ef4059d6e5152fa1a39f888e344c73fdc926e1b2dd58c771d67b0acfbf2aa67d", size = 10222060, upload-time = "2026-03-29T13:19:54.229Z" },
    { url = "https://files.pythonhosted.org/packages/99/5d/dab4339177a905aad3e2221c915b35202f1ec30d750dd2e5e9d9a72b804b/numpy-2.4.4-cp313-cp313t-macosx_11_0_arm64.whl", hash = "sha256:4bbc7f303d125971f60ec0aaad5e12c62d0d2c925f0ab1273debd0e4ba37aba5", size = 14822302, upload-time = "2026-03-29T13:19:57.585Z" },
    { url = "https://files.pythonhosted.org/packages/eb/e4/0564a65e7d3d97562ed6f9b0fd0fb0a6f559ee444092f105938b50043876/numpy-2.4.4-cp313-cp313t-macosx_14_0_arm64.whl", hash = "sha256:4d6d57903571f86180eb98f8f0c839fa9ebbfb031356d87f1361be91e433f5b7", size = 5327407, upload-time = "2026-03-29T13:20:00.601Z" },
    { url = "https://files.pythonhosted.org/packages/29/8d/35a3a6ce5ad371afa58b4700f1c820f8f279948cca32524e0a695b0ded83/numpy-2.4.4-cp313-cp313t-macosx_14_0_x86_64.whl", hash = "sha256:4636de7fd195197b7535f231b5de9e4b36d2c440b6e566d2e4e4746e6af0ca93", size = 6647631, upload-time = "2026-03-29T13:20:02.855Z" },
    { url = "https://files.pythonhosted.org/packages/f4/da/477731acbd5a58a946c736edfdabb2ac5b34c3d08d1ba1a7b437fa0884df/numpy-2.4.4-cp313-cp313t-manylinux_2_27_aarch64.manylinux_2_28_aarch64.whl", hash = "sha256:ad2e2ef14e0b04e544ea2fa0a36463f847f113d314aa02e5b402fdf910ef309e", size = 15727691, upload-time = "2026-03-29T13:20:06.004Z" },
    { url = "https://files.pythonhosted.org/packages/e6/db/338535d9b152beabeb511579598418ba0212ce77cf9718edd70262cc4370/numpy-2.4.4-cp313-cp313t-manylinux_2_27_x86_64.manylinux_2_28_x86_64.whl", hash = "sha256:5a285b3b96f951841799528cd1f4f01cd70e7e0204b4abebac9463eecfcf2a40", size = 16681241, upload-time = "2026-03-29T13:20:09.417Z" },
    { url = "https://files.pythonhosted.org/packages/e2/a9/ad248e8f58beb7a0219b413c9c7d8151c5d285f7f946c3e26695bdbbe2df/numpy-2.4.4-cp313-cp313t-musllinux_1_2_aarch64.whl", hash = "sha256:f8474c4241bc18b750be2abea9d7a9ec84f46ef861dbacf86a4f6e043401f79e", size = 17085767, upload-time = "2026-03-29T13:20:13.126Z" },
    { url = "https://files.pythonhosted.org/packages/b5/1a/3b88ccd3694681356f70da841630e4725a7264d6a885c8d442a697e1146b/numpy-2.4.4-cp313-cp313t-musllinux_1_2_x86_64.whl", hash = "sha256:4e874c976154687c1f71715b034739b45c7711bec81db01914770373d125e392", size = 18403169, upload-time = "2026-03-29T13:20:17.096Z" },
    { url = "https://files.pythonhosted.org/packages/c2/c9/fcfd5d0639222c6eac7f304829b04892ef51c96a75d479214d77e3ce6e33/numpy-2.4.4-cp313-cp313t-win32.whl", hash = "sha256:9c585a1790d5436a5374bac930dad6ed244c046ed91b2b2a3634eb2971d21008", size = 6083477, upload-time = "2026-03-29T13:20:20.195Z" },
    { url = "https://files.pythonhosted.org/packages/d5/e3/3938a61d1c538aaec8ed6fd6323f57b0c2d2d2219512434c5c878db76553/numpy-2.4.4-cp313-cp313t-win_amd64.whl", hash = "sha256:93e15038125dc1e5345d9b5b68aa7f996ec33b98118d18c6ca0d0b7d6198b7e8", size = 12457487, upload-time = "2026-03-29T13:20:22.946Z" },
    { url = "https://files.pythonhosted.org/packages/97/6a/7e345032cc60501721ef94e0e30b60f6b0bd601f9174ebd36389a2b86d40/numpy-2.4.4-cp313-cp313t-win_arm64.whl", hash = "sha256:0dfd3f9d3adbe2920b68b5cd3d51444e13a10792ec7154cd0a2f6e74d4ab3233", size = 10292002, upload-time = "2026-03-29T13:20:25.909Z" },
    { url = "https://files.pythonhosted.org/packages/6e/06/c54062f85f673dd5c04cbe2f14c3acb8c8b95e3384869bb8cc9bff8cb9df/numpy-2.4.4-cp314-cp314-macosx_10_15_x86_64.whl", hash = "sha256:f169b9a863d34f5d11b8698ead99febeaa17a13ca044961aa8e2662a6c7766a0", size = 16684353, upload-time = "2026-03-29T13:20:29.504Z" },
    { url = "https://files.pythonhosted.org/packages/4c/39/8a320264a84404c74cc7e79715de85d6130fa07a0898f67fb5cd5bd79908/numpy-2.4.4-cp314-cp314-macosx_11_0_arm64.whl", hash = "sha256:2483e4584a1cb3092da4470b38866634bafb223cbcd551ee047633fd2584599a", size = 14704914, upload-time = "2026-03-29T13:20:33.547Z" },
    { url = "https://files.pythonhosted.org/packages/91/fb/287076b2614e1d1044235f50f03748f31fa287e3dbe6abeb35cdfa351eca/numpy-2.4.4-cp314-cp314-macosx_14_0_arm64.whl", hash = "sha256:2d19e6e2095506d1736b7d80595e0f252d76b89f5e715c35e06e937679ea7d7a", size = 5210005, upload-time = "2026-03-29T13:20:36.45Z" },
    { url = "https://files.pythonhosted.org/packages/63/eb/fcc338595309910de6ecabfcef2419a9ce24399680bfb149421fa2df1280/numpy-2.4.4-cp314-cp314-macosx_14_0_x86_64.whl", hash = "sha256:6a246d5914aa1c820c9443ddcee9c02bec3e203b0c080349533fae17727dfd1b", size = 6544974, upload-time = "2026-03-29T13:20:39.014Z" },
    { url = "https://files.pythonhosted.org/packages/44/5d/e7e9044032a716cdfaa3fba27a8e874bf1c5f1912a1ddd4ed071bf8a14a6/numpy-2.4.4-cp314-cp314-manylinux_2_27_aarch64.manylinux_2_28_aarch64.whl", hash = "sha256:989824e9faf85f96ec9c7761cd8d29c531ad857bfa1daa930cba85baaecf1a9a", size = 15684591, upload-time = "2026-03-29T13:20:42.146Z" },
    { url = "https://files.pythonhosted.org/packages/98/7c/21252050676612625449b4807d6b695b9ce8a7c9e1c197ee6216c8a65c7c/numpy-2.4.4-cp314-cp314-manylinux_2_27_x86_64.manylinux_2_28_x86_64.whl", hash = "sha256:27a8d92cd10f1382a67d7cf4db7ce18341b66438bdd9f691d7b0e48d104c2a9d", size = 16637700, upload-time = "2026-03-29T13:20:46.204Z" },
    { url = "https://files.pythonhosted.org/packages/b1/29/56d2bbef9465db24ef25393383d761a1af4f446a1df9b8cded4fe3a5a5d7/numpy-2.4.4-cp314-cp314-musllinux_1_2_aarch64.whl", hash = "sha256:e44319a2953c738205bf3354537979eaa3998ed673395b964c1176083dd46252", size = 17035781, upload-time = "2026-03-29T13:20:50.242Z" },
    { url = "https://files.pythonhosted.org/packages/e3/2b/a35a6d7589d21f44cea7d0a98de5ddcbb3d421b2622a5c96b1edf18707c3/numpy-2.4.4-cp314-cp314-musllinux_1_2_x86_64.whl", hash = "sha256:e892aff75639bbef0d2a2cfd55535510df26ff92f63c92cd84ef8d4ba5a5557f", size = 18362959, upload-time = "2026-03-29T13:20:54.019Z" },
    { url = "https://files.pythonhosted.org/packages/64/c9/d52ec581f2390e0f5f85cbfd80fb83d965fc15e9f0e1aec2195faa142cde/numpy-2.4.4-cp314-cp314-win32.whl", hash = "sha256:1378871da56ca8943c2ba674530924bb8ca40cd228358a3b5f302ad60cf875fc", size = 6008768, upload-time = "2026-03-29T13:20:56.912Z" },
    { url = "https://files.pythonhosted.org/packages/fa/22/4cc31a62a6c7b74a8730e31a4274c5dc80e005751e277a2ce38e675e4923/numpy-2.4.4-cp314-cp314-win_amd64.whl", hash = "sha256:715d1c092715954784bc79e1174fc2a90093dc4dc84ea15eb14dad8abdcdeb74", size = 12449181, upload-time = "2026-03-29T13:20:59.548Z" },
    { url = "https://files.pythonhosted.org/packages/70/2e/14cda6f4d8e396c612d1bf97f22958e92148801d7e4f110cabebdc0eef4b/numpy-2.4.4-cp314-cp314-win_arm64.whl", hash = "sha256:2c194dd721e54ecad9ad387c1d35e63dce5c4450c6dc7dd5611283dda239aabb", size = 10496035, upload-time = "2026-03-29T13:21:02.524Z" },
    { url = "https://files.pythonhosted.org/packages/b1/e8/8fed8c8d848d7ecea092dc3469643f9d10bc3a134a815a3b033da1d2039b/numpy-2.4.4-cp314-cp314t-macosx_11_0_arm64.whl", hash = "sha256:2aa0613a5177c264ff5921051a5719d20095ea586ca88cc802c5c218d1c67d3e", size = 14824958, upload-time = "2026-03-29T13:21:05.671Z" },
    { url = "https://files.pythonhosted.org/packages/05/1a/d8007a5138c179c2bf33ef44503e83d70434d2642877ee8fbb230e7c0548/numpy-2.4.4-cp314-cp314t-macosx_14_0_arm64.whl", hash = "sha256:42c16925aa5a02362f986765f9ebabf20de75cdefdca827d14315c568dcab113", size = 5330020, upload-time = "2026-03-29T13:21:08.635Z" },
    { url = "https://files.pythonhosted.org/packages/99/64/ffb99ac6ae93faf117bcbd5c7ba48a7f45364a33e8e458545d3633615dda/numpy-2.4.4-cp314-cp314t-macosx_14_0_x86_64.whl", hash = "sha256:874f200b2a981c647340f841730fc3a2b54c9d940566a3c4149099591e2c4c3d", size = 6650758, upload-time = "2026-03-29T13:21:10.949Z" },
    { url = "https://files.pythonhosted.org/packages/6e/6e/795cc078b78a384052e73b2f6281ff7a700e9bf53bcce2ee579d4f6dd879/numpy-2.4.4-cp314-cp314t-manylinux_2_27_aarch64.manylinux_2_28_aarch64.whl", hash = "sha256:c9b39d38a9bd2ae1becd7eac1303d031c5c110ad31f2b319c6e7d98b135c934d", size = 15729948, upload-time = "2026-03-29T13:21:14.047Z" },
    { url = "https://files.pythonhosted.org/packages/5f/86/2acbda8cc2af5f3d7bfc791192863b9e3e19674da7b5e533fded124d1299/numpy-2.4.4-cp314-cp314t-manylinux_2_27_x86_64.manylinux_2_28_x86_64.whl", hash = "sha256:b268594bccac7d7cf5844c7732e3f20c50921d94e36d7ec9b79e9857694b1b2f", size = 16679325, upload-time = "2026-03-29T13:21:17.561Z" },
    { url = "https://files.pythonhosted.org/packages/bc/59/cafd83018f4aa55e0ac6fa92aa066c0a1877b77a615ceff1711c260ffae8/numpy-2.4.4-cp314-cp314t-musllinux_1_2_aarch64.whl", hash = "sha256:ac6b31e35612a26483e20750126d30d0941f949426974cace8e6b5c58a3657b0", size = 17084883, upload-time = "2026-03-29T13:21:21.106Z" },
    { url = "https://files.pythonhosted.org/packages/f0/85/a42548db84e65ece46ab2caea3d3f78b416a47af387fcbb47ec28e660dc2/numpy-2.4.4-cp314-cp314t-musllinux_1_2_x86_64.whl", hash = "sha256:8e3ed142f2728df44263aaf5fb1f5b0b99f4070c553a0d7f033be65338329150", size = 18403474, upload-time = "2026-03-29T13:21:24.828Z" },
    { url = "https://files.pythonhosted.org/packages/ed/ad/483d9e262f4b831000062e5d8a45e342166ec8aaa1195264982bca267e62/numpy-2.4.4-cp314-cp314t-win32.whl", hash = "sha256:dddbbd259598d7240b18c9d87c56a9d2fb3b02fe266f49a7c101532e78c1d871", size = 6155500, upload-time = "2026-03-29T13:21:28.205Z" },
    { url = "https://files.pythonhosted.org/packages/c7/03/2fc4e14c7bd4ff2964b74ba90ecb8552540b6315f201df70f137faa5c589/numpy-2.4.4-cp314-cp314t-win_amd64.whl", hash = "sha256:a7164afb23be6e37ad90b2f10426149fd75aee07ca55653d2aa41e66c4ef697e", size = 12637755, upload-time = "2026-03-29T13:21:31.107Z" },
    { url = "https://files.pythonhosted.org/packages/58/78/548fb8e07b1a341746bfbecb32f2c268470f45fa028aacdbd10d9bc73aab/numpy-2.4.4-cp314-cp314t-win_arm64.whl", hash = "sha256:ba203255017337d39f89bdd58417f03c4426f12beed0440cfd933cb15f8669c7", size = 10566643, upload-time = "2026-03-29T13:21:34.339Z" },
]

[[package]]
name = "pylsl"
version = "1.18.1"
source = { registry = "https://pypi.org/simple" }
dependencies = [
    { name = "numpy" },
]
sdist = { url = "https://files.pythonhosted.org/packages/2b/e3/150c0e54f94c42320046488e0b521fdf5f31c74c1690cb33ad65c2059f2a/pylsl-1.18.1.tar.gz", hash = "sha256:a422d379f22e72ab94c65d815d420c9961dbc80064240062a4cbc72ba885f419", size = 41202, upload-time = "2026-01-14T14:56:44.161Z" }
wheels = [
    { url = "https://files.pythonhosted.org/packages/50/a3/6500a0b926ae84208db1d17004cf3903c813ecf0889d16e9446af7279cd2/pylsl-1.18.1-py2.py3-none-any.whl", hash = "sha256:61a2eafe1b72dacc1d0bcf0f0fa2ba571d3183e55096b2bf37d3412b04cf33dc", size = 42305, upload-time = "2026-01-14T14:56:45.118Z" },
    { url = "https://files.pythonhosted.org/packages/b5/ec/4df5b087acc0cb84f0b32804006177e2f96feba539659d0b1bd05f7cd6c2/pylsl-1.18.1-py2.py3-none-macosx_11_0_universal2.whl", hash = "sha256:435346577a8e518450bf9babebcc8bf16973a6855a1fd083f1010dd6647d4e16", size = 663590, upload-time = "2026-01-14T14:56:38.857Z" },
    { url = "https://files.pythonhosted.org/packages/32/16/f83685655ae474e8096271ec90cb71bc7fa27a25d916a25196b8a6658789/pylsl-1.18.1-py2.py3-none-manylinux_2_35_x86_64.whl", hash = "sha256:be1363b0470b4763731dbb3973150ae9fd3102666a2df725f866213ce0dd1776", size = 982295, upload-time = "2026-01-14T14:56:42.036Z" },
    { url = "https://files.pythonhosted.org/packages/b2/a5/6a534763ec6e4b608e3d8336c876bef3933e85f661c89f5478448210418e/pylsl-1.18.1-py2.py3-none-win32.whl", hash = "sha256:e1c3af9d1ec1e9c849316fd6abdad99ec3b33d81de7d7192b5edaa6c408c5819", size = 271745, upload-time = "2026-01-14T14:56:40.389Z" },
    { url = "https://files.pythonhosted.org/packages/e6/d8/9d3ff8f00b228f3f41fbfaef2ae25dbc8f285d203051cc9d87b6c1365b4c/pylsl-1.18.1-py2.py3-none-win_amd64.whl", hash = "sha256:ea2418f54a8cd0635960525ff4b8d4d388384dfd95cd82efd056297e46879944", size = 306038, upload-time = "2026-01-14T14:56:43.116Z" },
]

[[package]]
name = "pyserial"
version = "3.5"
source = { registry = "https://pypi.org/simple" }
sdist = { url = "https://files.pythonhosted.org/packages/1e/7d/ae3f0a63f41e4d2f6cb66a5b57197850f919f59e558159a4dd3a818f5082/pyserial-3.5.tar.gz", hash = "sha256:3c77e014170dfffbd816e6ffc205e9842efb10be9f58ec16d3e8675b4925cddb", size = 159125, upload-time = "2020-11-23T03:59:15.045Z" }
wheels = [
    { url = "https://files.pythonhosted.org/packages/07/bc/587a445451b253b285629263eb51c2d8e9bcea4fc97826266d186f96f558/pyserial-3.5-py2.py3-none-any.whl", hash = "sha256:c4451db6ba391ca6ca299fb3ec7bae67a5c55dde170964c7a14ceefec02f2cf0", size = 90585, upload-time = "2020-11-23T03:59:13.41Z" },
]

[[package]]
name = "pyside6"
version = "6.11.0"
source = { registry = "https://pypi.org/simple" }
dependencies = [
    { name = "pyside6-addons" },
    { name = "pyside6-essentials" },
    { name = "shiboken6" },
]
wheels = [
    { url = "https://files.pythonhosted.org/packages/f4/95/f3f5a2799163b6658126d78a85bc1dec9eda88c75c26780556b26071a1d8/pyside6-6.11.0-cp310-abi3-macosx_13_0_universal2.whl", hash = "sha256:1f2735dc4f2bd4ec452ae50502c8a22128bba0aced35358a2bbc58384b820c6f", size = 571544, upload-time = "2026-03-23T12:47:20.263Z" },
    { url = "https://files.pythonhosted.org/packages/da/89/9a1f521051714e6694ebbe2b979ded279845ec8e25cb309ca3960158d74f/pyside6-6.11.0-cp310-abi3-manylinux_2_34_x86_64.whl", hash = "sha256:c642e2d25704ca746fd37f56feacf25c5aecc4cd40bef23d18eec81f87d9dc00", size = 571725, upload-time = "2026-03-23T12:47:21.727Z" },
    { url = "https://files.pythonhosted.org/packages/c2/3d/f779d8bba00fcde31a7d7fb6b59347a70773c9cc8135592dea9972579877/pyside6-6.11.0-cp310-abi3-manylinux_2_39_aarch64.whl", hash = "sha256:267b344c73580ac938ca63c611881fb42a3922ebfe043e271005f4f06c372c4e", size = 571722, upload-time = "2026-03-23T12:47:22.761Z" },
    { url = "https://files.pythonhosted.org/packages/ac/98/150e01a026df3e9697310236821fa825319bb4b9d6137539cb25a3032968/pyside6-6.11.0-cp310-abi3-win_amd64.whl", hash = "sha256:9092cb002ca43c64006afb2e0d0f6f51aef17aa737c33a45e502326a081ddcbc", size = 577988, upload-time = "2026-03-23T12:47:23.795Z" },
    { url = "https://files.pythonhosted.org/packages/50/e7/55960f7c6b41d058e95cb4af02652c46c48702c506c8bbf12e99550e1fb3/pyside6-6.11.0-cp310-abi3-win_arm64.whl", hash = "sha256:b15f39acc2b8f46251a630acad0d97f9a0a0461f2baffcd66d7adfada8eb641e", size = 561372, upload-time = "2026-03-23T12:47:25.073Z" },
]

[[package]]
name = "pyside6-addons"
version = "6.11.0"
source = { registry = "https://pypi.org/simple" }
dependencies = [
    { name = "pyside6-essentials" },
    { name = "shiboken6" },
]
wheels = [
    { url = "https://files.pythonhosted.org/packages/c0/df/241f311c61a46b7b1195927da77b2537692ee3442aa9ccd87981164ff78d/pyside6_addons-6.11.0-cp310-abi3-macosx_13_0_universal2.whl", hash = "sha256:d5eaa4643302e3a0fa94c5766234bee4073d7d5ab9c2b7fd222692a176faf182", size = 331554157, upload-time = "2026-03-23T12:40:40.497Z" },
    { url = "https://files.pythonhosted.org/packages/31/b9/e81172835ccc9d8b9792cc6bf7524a252a0db9a76ddd693de230402697f9/pyside6_addons-6.11.0-cp310-abi3-manylinux_2_34_x86_64.whl", hash = "sha256:ac6fe3d4ef4497dde3efc5e896b0acd53ff6c93be4bf485f045690f919419f35", size = 174948482, upload-time = "2026-03-23T12:41:05.379Z" },
    { url = "https://files.pythonhosted.org/packages/a8/a4/426d9333782bf65ab2a20257d6b4b3af9b8d5d7a710da719865fab49d492/pyside6_addons-6.11.0-cp310-abi3-manylinux_2_39_aarch64.whl", hash = "sha256:8ffb40222456078930816ebcac2f2511716d2acbc11716dd5acc5c365179a753", size = 170430798, upload-time = "2026-03-23T12:41:38.134Z" },
    { url = "https://files.pythonhosted.org/packages/35/9a/46d271fedfabad8c6dce2ebb69bb593745487ed33753a56a47c3ba4fdb1c/pyside6_addons-6.11.0-cp310-abi3-win_amd64.whl", hash = "sha256:413e6121c24f5ffdce376298059eddecff74aa6d638e94e0f6015b33d29b889e", size = 168723088, upload-time = "2026-03-23T12:42:00.668Z" },
    { url = "https://files.pythonhosted.org/packages/16/cd/1b28264f7dc9a642da2e4e7c02f67418d0949eb7ce329ae20869703c2630/pyside6_addons-6.11.0-cp310-abi3-win_arm64.whl", hash = "sha256:aaaee83385977a0fe134b2f4fbfb92b45a880d5b656e4d90a708eef10b1b6de8", size = 35698324, upload-time = "2026-03-23T12:42:13.748Z" },
]

[[package]]
name = "pyside6-essentials"
version = "6.11.0"
source = { registry = "https://pypi.org/simple" }
dependencies = [
    { name = "shiboken6" },
]
wheels = [
    { url = "https://files.pythonhosted.org/packages/d2/00/8a8583d3429c737cc20e61a43eba8ab1ec13ddb101e99802c2ffeedf3b41/pyside6_essentials-6.11.0-cp310-abi3-macosx_13_0_universal2.whl", hash = "sha256:85d6ca87ef35fa6565d385ede72ae48420dd3f63113929d10fc800f6b0360e01", size = 108085251, upload-time = "2026-03-23T12:42:52.872Z" },
    { url = "https://files.pythonhosted.org/packages/f3/a9/07c9e5c014b871c1b19caf8f994bcd50b345559b81f81671217b49559b67/pyside6_essentials-6.11.0-cp310-abi3-manylinux_2_34_x86_64.whl", hash = "sha256:dc20e7afd5fc6fe51297db91cef997ce60844be578f7a49fc61b7ab9657a8849", size = 78316055, upload-time = "2026-03-23T12:43:04.19Z" },
    { url = "https://files.pythonhosted.org/packages/7c/35/f06b1b641d7600ec46374c16cd37c66fa4a22870326b4eb073a95471035f/pyside6_essentials-6.11.0-cp310-abi3-manylinux_2_39_aarch64.whl", hash = "sha256:4854cb0a1b061e7a576d8fb7bb7cf9f49540d558b1acb7df0742a7afefe61e4e", size = 77380821, upload-time = "2026-03-23T12:43:24.649Z" },
    { url = "https://files.pythonhosted.org/packages/ff/37/ba95c6262836d2b286b4e05a9d16a5e870995d5d2503ac6adc6312208049/pyside6_essentials-6.11.0-cp310-abi3-win_amd64.whl", hash = "sha256:3b3362882ad9389357a80504e600180006a957731fec05786fced7b038461fdf", size = 75793322, upload-time = "2026-03-23T12:43:35.575Z" },
    { url = "https://files.pythonhosted.org/packages/53/27/d17f25e45820e633a70e6109b35991eda09a5e8000c2a306f0ab7538d48c/pyside6_essentials-6.11.0-cp310-abi3-win_arm64.whl", hash = "sha256:81ca603dbf21bc39f89bb42db215c25ebe0c879a1a4c387625c321d2730ec187", size = 56337457, upload-time = "2026-03-23T12:43:43.573Z" },
]

[[package]]
name = "pyyaml"
version = "6.0.3"
source = { registry = "https://pypi.org/simple" }
sdist = { url = "https://files.pythonhosted.org/packages/05/8e/961c0007c59b8dd7729d542c61a4d537767a59645b82a0b521206e1e25c2/pyyaml-6.0.3.tar.gz", hash = "sha256:d76623373421df22fb4cf8817020cbb7ef15c725b9d5e45f17e189bfc384190f", size = 130960, upload-time = "2025-09-25T21:33:16.546Z" }
wheels = [
    { url = "https://files.pythonhosted.org/packages/d1/11/0fd08f8192109f7169db964b5707a2f1e8b745d4e239b784a5a1dd80d1db/pyyaml-6.0.3-cp313-cp313-macosx_10_13_x86_64.whl", hash = "sha256:8da9669d359f02c0b91ccc01cac4a67f16afec0dac22c2ad09f46bee0697eba8", size = 181669, upload-time = "2025-09-25T21:32:23.673Z" },
    { url = "https://files.pythonhosted.org/packages/b1/16/95309993f1d3748cd644e02e38b75d50cbc0d9561d21f390a76242ce073f/pyyaml-6.0.3-cp313-cp313-macosx_11_0_arm64.whl", hash = "sha256:2283a07e2c21a2aa78d9c4442724ec1eb15f5e42a723b99cb3d822d48f5f7ad1", size = 173252, upload-time = "2025-09-25T21:32:25.149Z" },
    { url = "https://files.pythonhosted.org/packages/50/31/b20f376d3f810b9b2371e72ef5adb33879b25edb7a6d072cb7ca0c486398/pyyaml-6.0.3-cp313-cp313-manylinux2014_aarch64.manylinux_2_17_aarch64.manylinux_2_28_aarch64.whl", hash = "sha256:ee2922902c45ae8ccada2c5b501ab86c36525b883eff4255313a253a3160861c", size = 767081, upload-time = "2025-09-25T21:32:26.575Z" },
    { url = "https://files.pythonhosted.org/packages/49/1e/a55ca81e949270d5d4432fbbd19dfea5321eda7c41a849d443dc92fd1ff7/pyyaml-6.0.3-cp313-cp313-manylinux2014_s390x.manylinux_2_17_s390x.manylinux_2_28_s390x.whl", hash = "sha256:a33284e20b78bd4a18c8c2282d549d10bc8408a2a7ff57653c0cf0b9be0afce5", size = 841159, upload-time = "2025-09-25T21:32:27.727Z" },
    { url = "https://files.pythonhosted.org/packages/74/27/e5b8f34d02d9995b80abcef563ea1f8b56d20134d8f4e5e81733b1feceb2/pyyaml-6.0.3-cp313-cp313-manylinux2014_x86_64.manylinux_2_17_x86_64.manylinux_2_28_x86_64.whl", hash = "sha256:0f29edc409a6392443abf94b9cf89ce99889a1dd5376d94316ae5145dfedd5d6", size = 801626, upload-time = "2025-09-25T21:32:28.878Z" },
    { url = "https://files.pythonhosted.org/packages/f9/11/ba845c23988798f40e52ba45f34849aa8a1f2d4af4b798588010792ebad6/pyyaml-6.0.3-cp313-cp313-musllinux_1_2_aarch64.whl", hash = "sha256:f7057c9a337546edc7973c0d3ba84ddcdf0daa14533c2065749c9075001090e6", size = 753613, upload-time = "2025-09-25T21:32:30.178Z" },
    { url = "https://files.pythonhosted.org/packages/3d/e0/7966e1a7bfc0a45bf0a7fb6b98ea03fc9b8d84fa7f2229e9659680b69ee3/pyyaml-6.0.3-cp313-cp313-musllinux_1_2_x86_64.whl", hash = "sha256:eda16858a3cab07b80edaf74336ece1f986ba330fdb8ee0d6c0d68fe82bc96be", size = 794115, upload-time = "2025-09-25T21:32:31.353Z" },
    { url = "https://files.pythonhosted.org/packages/de/94/980b50a6531b3019e45ddeada0626d45fa85cbe22300844a7983285bed3b/pyyaml-6.0.3-cp313-cp313-win32.whl", hash = "sha256:d0eae10f8159e8fdad514efdc92d74fd8d682c933a6dd088030f3834bc8e6b26", size = 137427, upload-time = "2025-09-25T21:32:32.58Z" },
    { url = "https://files.pythonhosted.org/packages/97/c9/39d5b874e8b28845e4ec2202b5da735d0199dbe5b8fb85f91398814a9a46/pyyaml-6.0.3-cp313-cp313-win_amd64.whl", hash = "sha256:79005a0d97d5ddabfeeea4cf676af11e647e41d81c9a7722a193022accdb6b7c", size = 154090, upload-time = "2025-09-25T21:32:33.659Z" },
    { url = "https://files.pythonhosted.org/packages/73/e8/2bdf3ca2090f68bb3d75b44da7bbc71843b19c9f2b9cb9b0f4ab7a5a4329/pyyaml-6.0.3-cp313-cp313-win_arm64.whl", hash = "sha256:5498cd1645aa724a7c71c8f378eb29ebe23da2fc0d7a08071d89469bf1d2defb", size = 140246, upload-time = "2025-09-25T21:32:34.663Z" },
    { url = "https://files.pythonhosted.org/packages/9d/8c/f4bd7f6465179953d3ac9bc44ac1a8a3e6122cf8ada906b4f96c60172d43/pyyaml-6.0.3-cp314-cp314-macosx_10_13_x86_64.whl", hash = "sha256:8d1fab6bb153a416f9aeb4b8763bc0f22a5586065f86f7664fc23339fc1c1fac", size = 181814, upload-time = "2025-09-25T21:32:35.712Z" },
    { url = "https://files.pythonhosted.org/packages/bd/9c/4d95bb87eb2063d20db7b60faa3840c1b18025517ae857371c4dd55a6b3a/pyyaml-6.0.3-cp314-cp314-macosx_11_0_arm64.whl", hash = "sha256:34d5fcd24b8445fadc33f9cf348c1047101756fd760b4dacb5c3e99755703310", size = 173809, upload-time = "2025-09-25T21:32:36.789Z" },
    { url = "https://files.pythonhosted.org/packages/92/b5/47e807c2623074914e29dabd16cbbdd4bf5e9b2db9f8090fa64411fc5382/pyyaml-6.0.3-cp314-cp314-manylinux2014_aarch64.manylinux_2_17_aarch64.manylinux_2_28_aarch64.whl", hash = "sha256:501a031947e3a9025ed4405a168e6ef5ae3126c59f90ce0cd6f2bfc477be31b7", size = 766454, upload-time = "2025-09-25T21:32:37.966Z" },
    { url = "https://files.pythonhosted.org/packages/02/9e/e5e9b168be58564121efb3de6859c452fccde0ab093d8438905899a3a483/pyyaml-6.0.3-cp314-cp314-manylinux2014_s390x.manylinux_2_17_s390x.manylinux_2_28_s390x.whl", hash = "sha256:b3bc83488de33889877a0f2543ade9f70c67d66d9ebb4ac959502e12de895788", size = 836355, upload-time = "2025-09-25T21:32:39.178Z" },
    { url = "https://files.pythonhosted.org/packages/88/f9/16491d7ed2a919954993e48aa941b200f38040928474c9e85ea9e64222c3/pyyaml-6.0.3-cp314-cp314-manylinux2014_x86_64.manylinux_2_17_x86_64.manylinux_2_28_x86_64.whl", hash = "sha256:c458b6d084f9b935061bc36216e8a69a7e293a2f1e68bf956dcd9e6cbcd143f5", size = 794175, upload-time = "2025-09-25T21:32:40.865Z" },
    { url = "https://files.pythonhosted.org/packages/dd/3f/5989debef34dc6397317802b527dbbafb2b4760878a53d4166579111411e/pyyaml-6.0.3-cp314-cp314-musllinux_1_2_aarch64.whl", hash = "sha256:7c6610def4f163542a622a73fb39f534f8c101d690126992300bf3207eab9764", size = 755228, upload-time = "2025-09-25T21:32:42.084Z" },
    { url = "https://files.pythonhosted.org/packages/d7/ce/af88a49043cd2e265be63d083fc75b27b6ed062f5f9fd6cdc223ad62f03e/pyyaml-6.0.3-cp314-cp314-musllinux_1_2_x86_64.whl", hash = "sha256:5190d403f121660ce8d1d2c1bb2ef1bd05b5f68533fc5c2ea899bd15f4399b35", size = 789194, upload-time = "2025-09-25T21:32:43.362Z" },
    { url = "https://files.pythonhosted.org/packages/23/20/bb6982b26a40bb43951265ba29d4c246ef0ff59c9fdcdf0ed04e0687de4d/pyyaml-6.0.3-cp314-cp314-win_amd64.whl", hash = "sha256:4a2e8cebe2ff6ab7d1050ecd59c25d4c8bd7e6f400f5f82b96557ac0abafd0ac", size = 156429, upload-time = "2025-09-25T21:32:57.844Z" },
    { url = "https://files.pythonhosted.org/packages/f4/f4/a4541072bb9422c8a883ab55255f918fa378ecf083f5b85e87fc2b4eda1b/pyyaml-6.0.3-cp314-cp314-win_arm64.whl", hash = "sha256:93dda82c9c22deb0a405ea4dc5f2d0cda384168e466364dec6255b293923b2f3", size = 143912, upload-time = "2025-09-25T21:32:59.247Z" },
    { url = "https://files.pythonhosted.org/packages/7c/f9/07dd09ae774e4616edf6cda684ee78f97777bdd15847253637a6f052a62f/pyyaml-6.0.3-cp314-cp314t-macosx_10_13_x86_64.whl", hash = "sha256:02893d100e99e03eda1c8fd5c441d8c60103fd175728e23e431db1b589cf5ab3", size = 189108, upload-time = "2025-09-25T21:32:44.377Z" },
    { url = "https://files.pythonhosted.org/packages/4e/78/8d08c9fb7ce09ad8c38ad533c1191cf27f7ae1effe5bb9400a46d9437fcf/pyyaml-6.0.3-cp314-cp314t-macosx_11_0_arm64.whl", hash = "sha256:c1ff362665ae507275af2853520967820d9124984e0f7466736aea23d8611fba", size = 183641, upload-time = "2025-09-25T21:32:45.407Z" },
    { url = "https://files.pythonhosted.org/packages/7b/5b/3babb19104a46945cf816d047db2788bcaf8c94527a805610b0289a01c6b/pyyaml-6.0.3-cp314-cp314t-manylinux2014_aarch64.manylinux_2_17_aarch64.manylinux_2_28_aarch64.whl", hash = "sha256:6adc77889b628398debc7b65c073bcb99c4a0237b248cacaf3fe8a557563ef6c", size = 831901, upload-time = "2025-09-25T21:32:48.83Z" },
    { url = "https://files.pythonhosted.org/packages/8b/cc/dff0684d8dc44da4d22a13f35f073d558c268780ce3c6ba1b87055bb0b87/pyyaml-6.0.3-cp314-cp314t-manylinux2014_s390x.manylinux_2_17_s390x.manylinux_2_28_s390x.whl", hash = "sha256:a80cb027f6b349846a3bf6d73b5e95e782175e52f22108cfa17876aaeff93702", size = 861132, upload-time = "2025-09-25T21:32:50.149Z" },
    { url = "https://files.pythonhosted.org/packages/b1/5e/f77dc6b9036943e285ba76b49e118d9ea929885becb0a29ba8a7c75e29fe/pyyaml-6.0.3-cp314-cp314t-manylinux2014_x86_64.manylinux_2_17_x86_64.manylinux_2_28_x86_64.whl", hash = "sha256:00c4bdeba853cc34e7dd471f16b4114f4162dc03e6b7afcc2128711f0eca823c", size = 839261, upload-time = "2025-09-25T21:32:51.808Z" },
    { url = "https://files.pythonhosted.org/packages/ce/88/a9db1376aa2a228197c58b37302f284b5617f56a5d959fd1763fb1675ce6/pyyaml-6.0.3-cp314-cp314t-musllinux_1_2_aarch64.whl", hash = "sha256:66e1674c3ef6f541c35191caae2d429b967b99e02040f5ba928632d9a7f0f065", size = 805272, upload-time = "2025-09-25T21:32:52.941Z" },
    { url = "https://files.pythonhosted.org/packages/da/92/1446574745d74df0c92e6aa4a7b0b3130706a4142b2d1a5869f2eaa423c6/pyyaml-6.0.3-cp314-cp314t-musllinux_1_2_x86_64.whl", hash = "sha256:16249ee61e95f858e83976573de0f5b2893b3677ba71c9dd36b9cf8be9ac6d65", size = 829923, upload-time = "2025-09-25T21:32:54.537Z" },
    { url = "https://files.pythonhosted.org/packages/f0/7a/1c7270340330e575b92f397352af856a8c06f230aa3e76f86b39d01b416a/pyyaml-6.0.3-cp314-cp314t-win_amd64.whl", hash = "sha256:4ad1906908f2f5ae4e5a8ddfce73c320c2a1429ec52eafd27138b7f1cbe341c9", size = 174062, upload-time = "2025-09-25T21:32:55.767Z" },
    { url = "https://files.pythonhosted.org/packages/f1/12/de94a39c2ef588c7e6455cfbe7343d3b2dc9d6b6b2f40c4c6565744c873d/pyyaml-6.0.3-cp314-cp314t-win_arm64.whl", hash = "sha256:ebc55a14a21cb14062aa4162f906cd962b28e2e9ea38f9b4391244cd8de4ae0b", size = 149341, upload-time = "2025-09-25T21:32:56.828Z" },
]

[[package]]
name = "serial"
version = "0.0.97"
source = { registry = "https://pypi.org/simple" }
dependencies = [
    { name = "future" },
    { name = "iso8601" },
    { name = "pyyaml" },
]
sdist = { url = "https://files.pythonhosted.org/packages/9b/05/54c6fb8861d973ded4bc16f2cd4d85582a97c6fff81320dc1a281995cecc/serial-0.0.97.tar.gz", hash = "sha256:542150a127ddbf5ed2acc3a6ac4ce807cbcdae3b197acf785bbda6565c94f848", size = 33329, upload-time = "2019-01-30T19:11:20.368Z" }
wheels = [
    { url = "https://files.pythonhosted.org/packages/1f/51/6a260c498162c37d0759f3759b7647a10d8d30caba1cfc9aa4b5b1f0d08b/serial-0.0.97-py2.py3-none-any.whl", hash = "sha256:e887f06e07e190e39174b694eee6724e3c48bd361be1d97964caef5d5b61c73b", size = 40932, upload-time = "2019-01-30T19:11:23.384Z" },
]

[[package]]
name = "shiboken6"
version = "6.11.0"
source = { registry = "https://pypi.org/simple" }
wheels = [
    { url = "https://files.pythonhosted.org/packages/82/1d/b56b7b694fbc871496435488d1f41c5068de546334850d722756511cef65/shiboken6-6.11.0-cp310-abi3-macosx_13_0_universal2.whl", hash = "sha256:d88e8a1eb705f2b9ad21db08a61ae1dc0c773e5cd86a069de0754c4cf1f9b43b", size = 476085, upload-time = "2026-03-23T12:47:05.724Z" },
    { url = "https://files.pythonhosted.org/packages/65/cb/4bb0c76011166230daa7c0074aeb3fdb3935c83ac1fef3789b85fcd1a8fc/shiboken6-6.11.0-cp310-abi3-manylinux_2_34_x86_64.whl", hash = "sha256:ad54e64f8192ddbdff0c54ac82b89edcd62ed623f502ea21c960541d19514053", size = 271055, upload-time = "2026-03-23T12:47:07.349Z" },
    { url = "https://files.pythonhosted.org/packages/f5/96/771a6e2b530f725303d16d78a321fa4876b98b4f3615c9851880df8c1a43/shiboken6-6.11.0-cp310-abi3-manylinux_2_39_aarch64.whl", hash = "sha256:a10dc7718104ea2dc15d5b0b96909b77162ce1c76fcc6968e6df692b947a00e9", size = 267456, upload-time = "2026-03-23T12:47:08.689Z" },
    { url = "https://files.pythonhosted.org/packages/72/f7/44c0c42c3f5f29dec457fd46ea0552174bcb8aa75becf03bbd90308ba07b/shiboken6-6.11.0-cp310-abi3-win_amd64.whl", hash = "sha256:483ff78a73c7b3189ca924abc694318084f078bcfeaffa68e32024ff2d025ee1", size = 1222132, upload-time = "2026-03-23T12:47:10.143Z" },
    { url = "https://files.pythonhosted.org/packages/fb/99/6e5ee21db2d6af84bbbd7d871d441dafeb069c6de5667b1aa49891a77c66/shiboken6-6.11.0-cp310-abi3-win_arm64.whl", hash = "sha256:3bd76cf56105ab2d62ecaff630366f11264f69b88d488f10f048da9a065781f4", size = 1783186, upload-time = "2026-03-23T12:47:11.832Z" },
]
